
Microsoft Visual Studio Solution File, Format Version 12.00
# Visual Studio Version 16
VisualStudioVersion = 16.0.31729.503
MinimumVisualStudioVersion = 10.0.40219.1
Project("{9A19103F-16F7-4668-BE54-9A1E7A4F7556}") = "Domain", "Domain\Domain.csproj", "{E04EF001-1950-4BBD-ACB5-18721C4A29D3}"
EndProject
Project("{9A19103F-16F7-4668-BE54-9A1E7A4F7556}") = "Repository", "Repository\Repository.csproj", "{12C9B373-7586-4CD6-91FB-C0B14594756F}"
EndProject
Project("{FAE04EC0-301F-11D3-BF4B-00C04F79EFBC}") = "NewCustomer", "NewCustomer\NewCustomer.csproj", "{E71B2FCE-495B-4395-9823-EF53B4FE76DB}"
EndProject
Global
	GlobalSection(SolutionConfigurationPlatforms) = preSolution
		Debug|Any CPU = Debug|Any CPU
		Release|Any CPU = Release|Any CPU
	EndGlobalSection
	GlobalSection(ProjectConfigurationPlatforms) = postSolution
		{E04EF001-1950-4BBD-ACB5-18721C4A29D3}.Debug|Any CPU.ActiveCfg = Debug|Any CPU
		{E04EF001-1950-4BBD-ACB5-18721C4A29D3}.Debug|Any CPU.Build.0 = Debug|Any CPU
		{E04EF001-1950-4BBD-ACB5-18721C4A29D3}.Release|Any CPU.ActiveCfg = Release|Any CPU
		{E04EF001-1950-4BBD-ACB5-18721C4A29D3}.Release|Any CPU.Build.0 = Release|Any CPU
		{12C9B373-7586-4CD6-91FB-C0B14594756F}.Debug|Any CPU.ActiveCfg = Debug|Any CPU
		{12C9B373-7586-4CD6-91FB-C0B14594756F}.Debug|Any CPU.Build.0 = Debug|Any CPU
		{12C9B373-7586-4CD6-91FB-C0B14594756F}.Release|Any CPU.ActiveCfg = Release|Any CPU
		{12C9B373-7586-4CD6-91FB-C0B14594756F}.Release|Any CPU.Build.0 = Release|Any CPU
		{E71B2FCE-495B-4395-9823-EF53B4FE76DB}.Debug|Any CPU.ActiveCfg = Debug|Any CPU
		{E71B2FCE-495B-4395-9823-EF53B4FE76DB}.Debug|Any CPU.Build.0 = Debug|Any CPU
		{E71B2FCE-495B-4395-9823-EF53B4FE76DB}.Release|Any CPU.ActiveCfg = Release|Any CPU
		{E71B2FCE-495B-4395-9823-EF53B4FE76DB}.Release|Any CPU.Build.0 = Release|Any CPU
	EndGlobalSection
	GlobalSection(SolutionProperties) = preSolution
		HideSolutionNode = FALSE
	EndGlobalSection
	GlobalSection(ExtensibilityGlobals) = postSolution
		SolutionGuid = {DE5D28BE-FC35-4D24-A1A3-BB237B20CC42}
	EndGlobalSection
EndGlobal
